// !$*UTF8*$!
{
	archiveVersion = 1;
	classes = {
	};
	objectVersion = 46;
	objects = {

/* Begin PBXBuildFile section */
		B1161B7D1BF83B4600E2C5B3 /* Extensions.swift in Sources */ = {isa = PBXBuildFile; fileRef = B1161B7C1BF83B4600E2C5B3 /* Extensions.swift */; };
		B1161B821BF8401300E2C5B3 /* LoginViewController.swift in Sources */ = {isa = PBXBuildFile; fileRef = B1161B811BF8401300E2C5B3 /* LoginViewController.swift */; };
		B1161B841BF8413B00E2C5B3 /* SignUpViewController.swift in Sources */ = {isa = PBXBuildFile; fileRef = B1161B831BF8413B00E2C5B3 /* SignUpViewController.swift */; };
		B13B3D701BF6B14C00D97E69 /* Discover.storyboard in Resources */ = {isa = PBXBuildFile; fileRef = B13B3D6F1BF6B14C00D97E69 /* Discover.storyboard */; };
		B1926AF71BF67CBA00F48D81 /* TabBarViewController.swift in Sources */ = {isa = PBXBuildFile; fileRef = B1926AF61BF67CBA00F48D81 /* TabBarViewController.swift */; };
		B19F30BD1BE2AC5C00388BD9 /* Main.storyboard in Resources */ = {isa = PBXBuildFile; fileRef = B19F30BC1BE2AC5C00388BD9 /* Main.storyboard */; };
		B1A06D6F1BE1B36200C712B1 /* AppDelegate.swift in Sources */ = {isa = PBXBuildFile; fileRef = B1A06D6E1BE1B36200C712B1 /* AppDelegate.swift */; };
		B1A06D771BE1B36200C712B1 /* SwiftPort.xcdatamodeld in Sources */ = {isa = PBXBuildFile; fileRef = B1A06D751BE1B36200C712B1 /* SwiftPort.xcdatamodeld */; };
		B1A06D791BE1B36200C712B1 /* Assets.xcassets in Resources */ = {isa = PBXBuildFile; fileRef = B1A06D781BE1B36200C712B1 /* Assets.xcassets */; };
		B1A06D7C1BE1B36200C712B1 /* LaunchScreen.storyboard in Resources */ = {isa = PBXBuildFile; fileRef = B1A06D7A1BE1B36200C712B1 /* LaunchScreen.storyboard */; };
		B1A06D871BE1B36200C712B1 /* SwiftPortTests.swift in Sources */ = {isa = PBXBuildFile; fileRef = B1A06D861BE1B36200C712B1 /* SwiftPortTests.swift */; };
		B1A06D931BE1B3A700C712B1 /* Validation.swift in Sources */ = {isa = PBXBuildFile; fileRef = B1A06D921BE1B3A700C712B1 /* Validation.swift */; };
		B1A06D941BE1BC1200C712B1 /* Validation.swift in Sources */ = {isa = PBXBuildFile; fileRef = B1A06D921BE1B3A700C712B1 /* Validation.swift */; };
		B1A06D971BE1C41A00C712B1 /* Networking.swift in Sources */ = {isa = PBXBuildFile; fileRef = B1A06D961BE1C41A00C712B1 /* Networking.swift */; };
		B1A747131BE4483D0084AC98 /* TaskCreator.swift in Sources */ = {isa = PBXBuildFile; fileRef = B1B5D6971BE40F53007ED269 /* TaskCreator.swift */; };
		B1B5D6921BE3EBDD007ED269 /* ReactiveNetworking.swift in Sources */ = {isa = PBXBuildFile; fileRef = B1B5D6911BE3EBDD007ED269 /* ReactiveNetworking.swift */; };
		B1B5D6931BE3F01B007ED269 /* ReactiveNetworking.swift in Sources */ = {isa = PBXBuildFile; fileRef = B1B5D6911BE3EBDD007ED269 /* ReactiveNetworking.swift */; };
		B1B5D6981BE40F53007ED269 /* TaskCreator.swift in Sources */ = {isa = PBXBuildFile; fileRef = B1B5D6971BE40F53007ED269 /* TaskCreator.swift */; };
		B1B8556A1BE9814E0044F616 /* MIME.swift in Sources */ = {isa = PBXBuildFile; fileRef = B1B855691BE9814E0044F616 /* MIME.swift */; };
		B1B8556B1BE9C5250044F616 /* MIME.swift in Sources */ = {isa = PBXBuildFile; fileRef = B1B855691BE9814E0044F616 /* MIME.swift */; };
		B1C114291BF6D0670000B066 /* Righteous-Regular.ttf in Resources */ = {isa = PBXBuildFile; fileRef = B1C114281BF6D0670000B066 /* Righteous-Regular.ttf */; };
		B1C1142B1BF6D2920000B066 /* SF-UI-Display-Medium.otf in Resources */ = {isa = PBXBuildFile; fileRef = B1C1142A1BF6D2920000B066 /* SF-UI-Display-Medium.otf */; };
		B1C1142E1BF6D5FB0000B066 /* SF-UI-Display-Semibold.otf in Resources */ = {isa = PBXBuildFile; fileRef = B1C1142D1BF6D5FB0000B066 /* SF-UI-Display-Semibold.otf */; };
		B1C114301BF6D8C60000B066 /* EntryViewController.swift in Sources */ = {isa = PBXBuildFile; fileRef = B1C1142F1BF6D8C60000B066 /* EntryViewController.swift */; };
		B1C114321BF6EE120000B066 /* LogIn.storyboard in Resources */ = {isa = PBXBuildFile; fileRef = B1C114311BF6EE120000B066 /* LogIn.storyboard */; };
		B1C21A3F1BE903DA00A8C9D3 /* MultipartUpload.swift in Sources */ = {isa = PBXBuildFile; fileRef = B1C21A3E1BE903DA00A8C9D3 /* MultipartUpload.swift */; };
		B1C21A401BE903DA00A8C9D3 /* MultipartUpload.swift in Sources */ = {isa = PBXBuildFile; fileRef = B1C21A3E1BE903DA00A8C9D3 /* MultipartUpload.swift */; };
		B1C21A421BE963DE00A8C9D3 /* MixedStream.swift in Sources */ = {isa = PBXBuildFile; fileRef = B1C21A411BE963DE00A8C9D3 /* MixedStream.swift */; };
		B1C21A431BE963DE00A8C9D3 /* MixedStream.swift in Sources */ = {isa = PBXBuildFile; fileRef = B1C21A411BE963DE00A8C9D3 /* MixedStream.swift */; };
		B1C8731B1BF8E1130061002F /* InvalidInputAlert.swift in Sources */ = {isa = PBXBuildFile; fileRef = B1C8731A1BF8E1130061002F /* InvalidInputAlert.swift */; };
		B1C8731D1BF8E2AF0061002F /* InvalidInputAlertView.xib in Resources */ = {isa = PBXBuildFile; fileRef = B1C8731C1BF8E2AF0061002F /* InvalidInputAlertView.xib */; };
		B1C8731F1BF93C660061002F /* UIValidatableTextField.swift in Sources */ = {isa = PBXBuildFile; fileRef = B1C8731E1BF93C660061002F /* UIValidatableTextField.swift */; };
		B1C873241BF968AF0061002F /* UIRadiusButton.swift in Sources */ = {isa = PBXBuildFile; fileRef = B1C873231BF968AF0061002F /* UIRadiusButton.swift */; };
		B1C873261BF96E500061002F /* ForgetPasswordViewController.swift in Sources */ = {isa = PBXBuildFile; fileRef = B1C873251BF96E500061002F /* ForgetPasswordViewController.swift */; };
		B1C8732A1BF982CF0061002F /* LogInSignUpViewController.swift in Sources */ = {isa = PBXBuildFile; fileRef = B1C873291BF982CF0061002F /* LogInSignUpViewController.swift */; };
		B1C8732C1BF9862E0061002F /* Keyboard.swift in Sources */ = {isa = PBXBuildFile; fileRef = B1C8732B1BF9862E0061002F /* Keyboard.swift */; };
		B1D106CD1BE2699100C61C11 /* Constants.swift in Sources */ = {isa = PBXBuildFile; fileRef = B1D106CC1BE2699100C61C11 /* Constants.swift */; };
		B1D106CF1BE26C0100C61C11 /* Constants.swift in Sources */ = {isa = PBXBuildFile; fileRef = B1D106CC1BE2699100C61C11 /* Constants.swift */; };
		B1D106D01BE275B800C61C11 /* Networking.swift in Sources */ = {isa = PBXBuildFile; fileRef = B1A06D961BE1C41A00C712B1 /* Networking.swift */; };
/* End PBXBuildFile section */

/* Begin PBXContainerItemProxy section */
		B1A06D831BE1B36200C712B1 /* PBXContainerItemProxy */ = {
			isa = PBXContainerItemProxy;
			containerPortal = B1A06D631BE1B36200C712B1 /* Project object */;
			proxyType = 1;
			remoteGlobalIDString = B1A06D6A1BE1B36200C712B1;
			remoteInfo = SwiftPort;
		};
/* End PBXContainerItemProxy section */

/* Begin PBXFileReference section */
		B1161B7C1BF83B4600E2C5B3 /* Extensions.swift */ = {isa = PBXFileReference; fileEncoding = 4; lastKnownFileType = sourcecode.swift; path = Extensions.swift; sourceTree = "<group>"; };
		B1161B811BF8401300E2C5B3 /* LoginViewController.swift */ = {isa = PBXFileReference; fileEncoding = 4; lastKnownFileType = sourcecode.swift; path = LoginViewController.swift; sourceTree = "<group>"; };
		B1161B831BF8413B00E2C5B3 /* SignUpViewController.swift */ = {isa = PBXFileReference; fileEncoding = 4; lastKnownFileType = sourcecode.swift; path = SignUpViewController.swift; sourceTree = "<group>"; };
		B13B3D6F1BF6B14C00D97E69 /* Discover.storyboard */ = {isa = PBXFileReference; fileEncoding = 4; lastKnownFileType = file.storyboard; path = Discover.storyboard; sourceTree = SOURCE_ROOT; };
		B16F99A51BE807FB009EC8D1 /* Zimcher.playground */ = {isa = PBXFileReference; lastKnownFileType = file.playground; name = Zimcher.playground; path = SwiftPort/Zimcher.playground; sourceTree = SOURCE_ROOT; };
		B1926AF61BF67CBA00F48D81 /* TabBarViewController.swift */ = {isa = PBXFileReference; fileEncoding = 4; lastKnownFileType = sourcecode.swift; path = TabBarViewController.swift; sourceTree = "<group>"; };
		B19F30BC1BE2AC5C00388BD9 /* Main.storyboard */ = {isa = PBXFileReference; fileEncoding = 4; lastKnownFileType = file.storyboard; name = Main.storyboard; path = ../Main.storyboard; sourceTree = "<group>"; };
		B1A06D6B1BE1B36200C712B1 /* SwiftPort.app */ = {isa = PBXFileReference; explicitFileType = wrapper.application; includeInIndex = 0; path = SwiftPort.app; sourceTree = BUILT_PRODUCTS_DIR; };
		B1A06D6E1BE1B36200C712B1 /* AppDelegate.swift */ = {isa = PBXFileReference; lastKnownFileType = sourcecode.swift; path = AppDelegate.swift; sourceTree = "<group>"; };
		B1A06D761BE1B36200C712B1 /* SwiftPort.xcdatamodel */ = {isa = PBXFileReference; lastKnownFileType = wrapper.xcdatamodel; path = SwiftPort.xcdatamodel; sourceTree = "<group>"; };
		B1A06D781BE1B36200C712B1 /* Assets.xcassets */ = {isa = PBXFileReference; lastKnownFileType = folder.assetcatalog; path = Assets.xcassets; sourceTree = "<group>"; };
		B1A06D7B1BE1B36200C712B1 /* Base */ = {isa = PBXFileReference; lastKnownFileType = file.storyboard; name = Base; path = Base.lproj/LaunchScreen.storyboard; sourceTree = "<group>"; };
		B1A06D7D1BE1B36200C712B1 /* Info.plist */ = {isa = PBXFileReference; lastKnownFileType = text.plist.xml; path = Info.plist; sourceTree = "<group>"; };
		B1A06D821BE1B36200C712B1 /* SwiftPortTests.xctest */ = {isa = PBXFileReference; explicitFileType = wrapper.cfbundle; includeInIndex = 0; path = SwiftPortTests.xctest; sourceTree = BUILT_PRODUCTS_DIR; };
		B1A06D861BE1B36200C712B1 /* SwiftPortTests.swift */ = {isa = PBXFileReference; lastKnownFileType = sourcecode.swift; path = SwiftPortTests.swift; sourceTree = "<group>"; };
		B1A06D881BE1B36200C712B1 /* Info.plist */ = {isa = PBXFileReference; lastKnownFileType = text.plist.xml; path = Info.plist; sourceTree = "<group>"; };
		B1A06D921BE1B3A700C712B1 /* Validation.swift */ = {isa = PBXFileReference; fileEncoding = 4; lastKnownFileType = sourcecode.swift; path = Validation.swift; sourceTree = "<group>"; };
		B1A06D961BE1C41A00C712B1 /* Networking.swift */ = {isa = PBXFileReference; fileEncoding = 4; lastKnownFileType = sourcecode.swift; path = Networking.swift; sourceTree = "<group>"; };
		B1B5D6911BE3EBDD007ED269 /* ReactiveNetworking.swift */ = {isa = PBXFileReference; fileEncoding = 4; lastKnownFileType = sourcecode.swift; path = ReactiveNetworking.swift; sourceTree = "<group>"; };
		B1B5D6971BE40F53007ED269 /* TaskCreator.swift */ = {isa = PBXFileReference; fileEncoding = 4; lastKnownFileType = sourcecode.swift; path = TaskCreator.swift; sourceTree = "<group>"; };
		B1B855691BE9814E0044F616 /* MIME.swift */ = {isa = PBXFileReference; fileEncoding = 4; lastKnownFileType = sourcecode.swift; path = MIME.swift; sourceTree = "<group>"; };
		B1C114281BF6D0670000B066 /* Righteous-Regular.ttf */ = {isa = PBXFileReference; lastKnownFileType = file; name = "Righteous-Regular.ttf"; path = "../Righteous-Regular.ttf"; sourceTree = "<group>"; };
		B1C1142A1BF6D2920000B066 /* SF-UI-Display-Medium.otf */ = {isa = PBXFileReference; lastKnownFileType = file; path = "SF-UI-Display-Medium.otf"; sourceTree = "<group>"; };
		B1C1142D1BF6D5FB0000B066 /* SF-UI-Display-Semibold.otf */ = {isa = PBXFileReference; lastKnownFileType = file; path = "SF-UI-Display-Semibold.otf"; sourceTree = "<group>"; };
		B1C1142F1BF6D8C60000B066 /* EntryViewController.swift */ = {isa = PBXFileReference; fileEncoding = 4; lastKnownFileType = sourcecode.swift; path = EntryViewController.swift; sourceTree = "<group>"; };
		B1C114311BF6EE120000B066 /* LogIn.storyboard */ = {isa = PBXFileReference; fileEncoding = 4; lastKnownFileType = file.storyboard; path = LogIn.storyboard; sourceTree = SOURCE_ROOT; };
		B1C21A3E1BE903DA00A8C9D3 /* MultipartUpload.swift */ = {isa = PBXFileReference; fileEncoding = 4; lastKnownFileType = sourcecode.swift; path = MultipartUpload.swift; sourceTree = "<group>"; };
		B1C21A411BE963DE00A8C9D3 /* MixedStream.swift */ = {isa = PBXFileReference; fileEncoding = 4; lastKnownFileType = sourcecode.swift; path = MixedStream.swift; sourceTree = "<group>"; };
		B1C8731A1BF8E1130061002F /* InvalidInputAlert.swift */ = {isa = PBXFileReference; fileEncoding = 4; lastKnownFileType = sourcecode.swift; path = InvalidInputAlert.swift; sourceTree = "<group>"; };
		B1C8731C1BF8E2AF0061002F /* InvalidInputAlertView.xib */ = {isa = PBXFileReference; fileEncoding = 4; lastKnownFileType = file.xib; path = InvalidInputAlertView.xib; sourceTree = "<group>"; };
		B1C8731E1BF93C660061002F /* UIValidatableTextField.swift */ = {isa = PBXFileReference; fileEncoding = 4; lastKnownFileType = sourcecode.swift; path = UIValidatableTextField.swift; sourceTree = "<group>"; };
		B1C873231BF968AF0061002F /* UIRadiusButton.swift */ = {isa = PBXFileReference; fileEncoding = 4; lastKnownFileType = sourcecode.swift; path = UIRadiusButton.swift; sourceTree = "<group>"; };
		B1C873251BF96E500061002F /* ForgetPasswordViewController.swift */ = {isa = PBXFileReference; fileEncoding = 4; lastKnownFileType = sourcecode.swift; path = ForgetPasswordViewController.swift; sourceTree = "<group>"; };
		B1C873291BF982CF0061002F /* LogInSignUpViewController.swift */ = {isa = PBXFileReference; fileEncoding = 4; lastKnownFileType = sourcecode.swift; path = LogInSignUpViewController.swift; sourceTree = "<group>"; };
		B1C8732B1BF9862E0061002F /* Keyboard.swift */ = {isa = PBXFileReference; fileEncoding = 4; lastKnownFileType = sourcecode.swift; path = Keyboard.swift; sourceTree = "<group>"; };
		B1D106CC1BE2699100C61C11 /* Constants.swift */ = {isa = PBXFileReference; fileEncoding = 4; lastKnownFileType = sourcecode.swift; path = Constants.swift; sourceTree = "<group>"; };
/* End PBXFileReference section */

/* Begin PBXFrameworksBuildPhase section */
		B1A06D681BE1B36200C712B1 /* Frameworks */ = {
			isa = PBXFrameworksBuildPhase;
			buildActionMask = 2147483647;
			files = (
			);
			runOnlyForDeploymentPostprocessing = 0;
		};
		B1A06D7F1BE1B36200C712B1 /* Frameworks */ = {
			isa = PBXFrameworksBuildPhase;
			buildActionMask = 2147483647;
			files = (
			);
			runOnlyForDeploymentPostprocessing = 0;
		};
/* End PBXFrameworksBuildPhase section */

/* Begin PBXGroup section */
		B1161B7B1BF83B0500E2C5B3 /* Signup & Login */ = {
			isa = PBXGroup;
			children = (
				B1C114311BF6EE120000B066 /* LogIn.storyboard */,
				B1C873291BF982CF0061002F /* LogInSignUpViewController.swift */,
				B1C873231BF968AF0061002F /* UIRadiusButton.swift */,
				B1C873201BF94EF10061002F /* AlertPanel */,
				B1C1142F1BF6D8C60000B066 /* EntryViewController.swift */,
				B1C8732F1BF98FCB0061002F /* Keyboard */,
				B1161B831BF8413B00E2C5B3 /* SignUpViewController.swift */,
				B1161B811BF8401300E2C5B3 /* LoginViewController.swift */,
				B1C873251BF96E500061002F /* ForgetPasswordViewController.swift */,
			);
			name = "Signup & Login";
			sourceTree = "<group>";
		};
		B1161B7E1BF83B6700E2C5B3 /* CONSTANTS */ = {
			isa = PBXGroup;
			children = (
				B1D106CC1BE2699100C61C11 /* Constants.swift */,
			);
			name = CONSTANTS;
			sourceTree = "<group>";
		};
		B13B3D711BF6B15600D97E69 /* Storyboards */ = {
			isa = PBXGroup;
			children = (
				B19F30BC1BE2AC5C00388BD9 /* Main.storyboard */,
				B13B3D6F1BF6B14C00D97E69 /* Discover.storyboard */,
			);
			name = Storyboards;
			sourceTree = "<group>";
		};
		B16D368A1BEAB4B70093EFD3 /* Multipart/Form-Data */ = {
			isa = PBXGroup;
			children = (
				B1C21A3E1BE903DA00A8C9D3 /* MultipartUpload.swift */,
			);
			name = "Multipart/Form-Data";
			sourceTree = "<group>";
		};
		B1A06D621BE1B36200C712B1 = {
			isa = PBXGroup;
			children = (
				B16F99A51BE807FB009EC8D1 /* Zimcher.playground */,
				B1A06D6D1BE1B36200C712B1 /* SwiftPort */,
				B1A06D851BE1B36200C712B1 /* SwiftPortTests */,
				B1A06D6C1BE1B36200C712B1 /* Products */,
			);
			sourceTree = "<group>";
		};
		B1A06D6C1BE1B36200C712B1 /* Products */ = {
			isa = PBXGroup;
			children = (
				B1A06D6B1BE1B36200C712B1 /* SwiftPort.app */,
				B1A06D821BE1B36200C712B1 /* SwiftPortTests.xctest */,
			);
			name = Products;
			sourceTree = "<group>";
		};
		B1A06D6D1BE1B36200C712B1 /* SwiftPort */ = {
			isa = PBXGroup;
			children = (
				B1161B7B1BF83B0500E2C5B3 /* Signup & Login */,
				B13B3D711BF6B15600D97E69 /* Storyboards */,
				B1C873221BF950540061002F /* Tab bar */,
				B1161B7E1BF83B6700E2C5B3 /* CONSTANTS */,
				B1A747141BE473560084AC98 /* Networking */,
				B1A06D951BE1BE0800C712B1 /* Util */,
				B1D106CE1BE26BA700C61C11 /* CoreData */,
				B1A06D911BE1B38C00C712B1 /* Misc */,
			);
			path = SwiftPort;
			sourceTree = "<group>";
		};
		B1A06D851BE1B36200C712B1 /* SwiftPortTests */ = {
			isa = PBXGroup;
			children = (
				B1A06D861BE1B36200C712B1 /* SwiftPortTests.swift */,
				B1A06D881BE1B36200C712B1 /* Info.plist */,
			);
			path = SwiftPortTests;
			sourceTree = "<group>";
		};
		B1A06D911BE1B38C00C712B1 /* Misc */ = {
			isa = PBXGroup;
			children = (
				B1A06D6E1BE1B36200C712B1 /* AppDelegate.swift */,
				B1C1142C1BF6D29C0000B066 /* Fonts */,
				B1A06D781BE1B36200C712B1 /* Assets.xcassets */,
				B1A06D7A1BE1B36200C712B1 /* LaunchScreen.storyboard */,
				B1A06D7D1BE1B36200C712B1 /* Info.plist */,
			);
			name = Misc;
			sourceTree = "<group>";
		};
		B1A06D951BE1BE0800C712B1 /* Util */ = {
			isa = PBXGroup;
			children = (
				B1161B7C1BF83B4600E2C5B3 /* Extensions.swift */,
				B1B855691BE9814E0044F616 /* MIME.swift */,
				B1C21A411BE963DE00A8C9D3 /* MixedStream.swift */,
				B1C873211BF950110061002F /* Validation */,
			);
			name = Util;
			sourceTree = "<group>";
		};
		B1A747141BE473560084AC98 /* Networking */ = {
			isa = PBXGroup;
			children = (
				B1A06D961BE1C41A00C712B1 /* Networking.swift */,
				B16D368A1BEAB4B70093EFD3 /* Multipart/Form-Data */,
				B1B5D6971BE40F53007ED269 /* TaskCreator.swift */,
				B1B5D6911BE3EBDD007ED269 /* ReactiveNetworking.swift */,
			);
			name = Networking;
			sourceTree = "<group>";
		};
		B1C1142C1BF6D29C0000B066 /* Fonts */ = {
			isa = PBXGroup;
			children = (
				B1C1142D1BF6D5FB0000B066 /* SF-UI-Display-Semibold.otf */,
				B1C1142A1BF6D2920000B066 /* SF-UI-Display-Medium.otf */,
				B1C114281BF6D0670000B066 /* Righteous-Regular.ttf */,
			);
			name = Fonts;
			sourceTree = "<group>";
		};
		B1C873201BF94EF10061002F /* AlertPanel */ = {
			isa = PBXGroup;
			children = (
				B1C8731C1BF8E2AF0061002F /* InvalidInputAlertView.xib */,
				B1C8731A1BF8E1130061002F /* InvalidInputAlert.swift */,
			);
			name = AlertPanel;
			sourceTree = "<group>";
		};
		B1C873211BF950110061002F /* Validation */ = {
			isa = PBXGroup;
			children = (
				B1A06D921BE1B3A700C712B1 /* Validation.swift */,
				B1C8731E1BF93C660061002F /* UIValidatableTextField.swift */,
			);
			name = Validation;
			sourceTree = "<group>";
		};
		B1C873221BF950540061002F /* Tab bar */ = {
			isa = PBXGroup;
			children = (
				B1926AF61BF67CBA00F48D81 /* TabBarViewController.swift */,
			);
			name = "Tab bar";
			sourceTree = "<group>";
		};
		B1C8732F1BF98FCB0061002F /* Keyboard */ = {
			isa = PBXGroup;
			children = (
				B1C8732B1BF9862E0061002F /* Keyboard.swift */,
			);
			name = Keyboard;
			sourceTree = "<group>";
		};
		B1D106CE1BE26BA700C61C11 /* CoreData */ = {
			isa = PBXGroup;
			children = (
				B1A06D751BE1B36200C712B1 /* SwiftPort.xcdatamodeld */,
			);
			name = CoreData;
			sourceTree = "<group>";
		};
/* End PBXGroup section */

/* Begin PBXNativeTarget section */
		B1A06D6A1BE1B36200C712B1 /* SwiftPort */ = {
			isa = PBXNativeTarget;
			buildConfigurationList = B1A06D8B1BE1B36200C712B1 /* Build configuration list for PBXNativeTarget "SwiftPort" */;
			buildPhases = (
				B1A06D671BE1B36200C712B1 /* Sources */,
				B1A06D681BE1B36200C712B1 /* Frameworks */,
				B1A06D691BE1B36200C712B1 /* Resources */,
				B19F30BB1BE2ABDE00388BD9 /* ShellScript */,
			);
			buildRules = (
			);
			dependencies = (
			);
			name = SwiftPort;
			productName = SwiftPort;
			productReference = B1A06D6B1BE1B36200C712B1 /* SwiftPort.app */;
			productType = "com.apple.product-type.application";
		};
		B1A06D811BE1B36200C712B1 /* SwiftPortTests */ = {
			isa = PBXNativeTarget;
			buildConfigurationList = B1A06D8E1BE1B36200C712B1 /* Build configuration list for PBXNativeTarget "SwiftPortTests" */;
			buildPhases = (
				B1A06D7E1BE1B36200C712B1 /* Sources */,
				B1A06D7F1BE1B36200C712B1 /* Frameworks */,
				B1A06D801BE1B36200C712B1 /* Resources */,
			);
			buildRules = (
			);
			dependencies = (
				B1A06D841BE1B36200C712B1 /* PBXTargetDependency */,
			);
			name = SwiftPortTests;
			productName = SwiftPortTests;
			productReference = B1A06D821BE1B36200C712B1 /* SwiftPortTests.xctest */;
			productType = "com.apple.product-type.bundle.unit-test";
		};
/* End PBXNativeTarget section */

/* Begin PBXProject section */
		B1A06D631BE1B36200C712B1 /* Project object */ = {
			isa = PBXProject;
			attributes = {
				LastSwiftUpdateCheck = 0710;
				LastUpgradeCheck = 0710;
				ORGANIZATIONNAME = Kappa;
				TargetAttributes = {
					B1A06D6A1BE1B36200C712B1 = {
						CreatedOnToolsVersion = 7.1;
					};
					B1A06D811BE1B36200C712B1 = {
						CreatedOnToolsVersion = 7.1;
						TestTargetID = B1A06D6A1BE1B36200C712B1;
					};
				};
			};
			buildConfigurationList = B1A06D661BE1B36200C712B1 /* Build configuration list for PBXProject "SwiftPort" */;
			compatibilityVersion = "Xcode 3.2";
			developmentRegion = English;
			hasScannedForEncodings = 0;
			knownRegions = (
				en,
				Base,
			);
			mainGroup = B1A06D621BE1B36200C712B1;
			productRefGroup = B1A06D6C1BE1B36200C712B1 /* Products */;
			projectDirPath = "";
			projectRoot = "";
			targets = (
				B1A06D6A1BE1B36200C712B1 /* SwiftPort */,
				B1A06D811BE1B36200C712B1 /* SwiftPortTests */,
			);
		};
/* End PBXProject section */

/* Begin PBXResourcesBuildPhase section */
		B1A06D691BE1B36200C712B1 /* Resources */ = {
			isa = PBXResourcesBuildPhase;
			buildActionMask = 2147483647;
			files = (
				B1C1142E1BF6D5FB0000B066 /* SF-UI-Display-Semibold.otf in Resources */,
				B1C114321BF6EE120000B066 /* LogIn.storyboard in Resources */,
				B1C1142B1BF6D2920000B066 /* SF-UI-Display-Medium.otf in Resources */,
				B19F30BD1BE2AC5C00388BD9 /* Main.storyboard in Resources */,
				B13B3D701BF6B14C00D97E69 /* Discover.storyboard in Resources */,
				B1C114291BF6D0670000B066 /* Righteous-Regular.ttf in Resources */,
				B1A06D7C1BE1B36200C712B1 /* LaunchScreen.storyboard in Resources */,
				B1C8731D1BF8E2AF0061002F /* InvalidInputAlertView.xib in Resources */,
				B1A06D791BE1B36200C712B1 /* Assets.xcassets in Resources */,
			);
			runOnlyForDeploymentPostprocessing = 0;
		};
		B1A06D801BE1B36200C712B1 /* Resources */ = {
			isa = PBXResourcesBuildPhase;
			buildActionMask = 2147483647;
			files = (
			);
			runOnlyForDeploymentPostprocessing = 0;
		};
/* End PBXResourcesBuildPhase section */

/* Begin PBXShellScriptBuildPhase section */
		B19F30BB1BE2ABDE00388BD9 /* ShellScript */ = {
			isa = PBXShellScriptBuildPhase;
			buildActionMask = 2147483647;
			files = (
			);
			inputPaths = (
			);
			outputPaths = (
			);
			runOnlyForDeploymentPostprocessing = 0;
			shellPath = "/usr/local/bin/carthage copy-frameworks";
			shellScript = "";
		};
/* End PBXShellScriptBuildPhase section */

/* Begin PBXSourcesBuildPhase section */
		B1A06D671BE1B36200C712B1 /* Sources */ = {
			isa = PBXSourcesBuildPhase;
			buildActionMask = 2147483647;
			files = (
				B1B8556A1BE9814E0044F616 /* MIME.swift in Sources */,
				B1C8731B1BF8E1130061002F /* InvalidInputAlert.swift in Sources */,
				B1C8732A1BF982CF0061002F /* LogInSignUpViewController.swift in Sources */,
				B1C873261BF96E500061002F /* ForgetPasswordViewController.swift in Sources */,
				B1C21A3F1BE903DA00A8C9D3 /* MultipartUpload.swift in Sources */,
				B1A06D971BE1C41A00C712B1 /* Networking.swift in Sources */,
				B1161B821BF8401300E2C5B3 /* LoginViewController.swift in Sources */,
				B1926AF71BF67CBA00F48D81 /* TabBarViewController.swift in Sources */,
				B1C114301BF6D8C60000B066 /* EntryViewController.swift in Sources */,
				B1C873241BF968AF0061002F /* UIRadiusButton.swift in Sources */,
				B1A06D6F1BE1B36200C712B1 /* AppDelegate.swift in Sources */,
				B1C21A421BE963DE00A8C9D3 /* MixedStream.swift in Sources */,
				B1B5D6981BE40F53007ED269 /* TaskCreator.swift in Sources */,
				B1C8732C1BF9862E0061002F /* Keyboard.swift in Sources */,
				B1D106CD1BE2699100C61C11 /* Constants.swift in Sources */,
				B1161B841BF8413B00E2C5B3 /* SignUpViewController.swift in Sources */,
				B1A06D771BE1B36200C712B1 /* SwiftPort.xcdatamodeld in Sources */,
				B1B5D6921BE3EBDD007ED269 /* ReactiveNetworking.swift in Sources */,
				B1A06D931BE1B3A700C712B1 /* Validation.swift in Sources */,
				B1C8731F1BF93C660061002F /* UIValidatableTextField.swift in Sources */,
				B1161B7D1BF83B4600E2C5B3 /* Extensions.swift in Sources */,
			);
			runOnlyForDeploymentPostprocessing = 0;
		};
		B1A06D7E1BE1B36200C712B1 /* Sources */ = {
			isa = PBXSourcesBuildPhase;
			buildActionMask = 2147483647;
			files = (
				B1B5D6931BE3F01B007ED269 /* ReactiveNetworking.swift in Sources */,
				B1A06D871BE1B36200C712B1 /* SwiftPortTests.swift in Sources */,
				B1A06D941BE1BC1200C712B1 /* Validation.swift in Sources */,
				B1B8556B1BE9C5250044F616 /* MIME.swift in Sources */,
				B1D106CF1BE26C0100C61C11 /* Constants.swift in Sources */,
				B1C21A401BE903DA00A8C9D3 /* MultipartUpload.swift in Sources */,
				B1C21A431BE963DE00A8C9D3 /* MixedStream.swift in Sources */,
				B1A747131BE4483D0084AC98 /* TaskCreator.swift in Sources */,
				B1D106D01BE275B800C61C11 /* Networking.swift in Sources */,
			);
			runOnlyForDeploymentPostprocessing = 0;
		};
/* End PBXSourcesBuildPhase section */

/* Begin PBXTargetDependency section */
		B1A06D841BE1B36200C712B1 /* PBXTargetDependency */ = {
			isa = PBXTargetDependency;
			target = B1A06D6A1BE1B36200C712B1 /* SwiftPort */;
			targetProxy = B1A06D831BE1B36200C712B1 /* PBXContainerItemProxy */;
		};
/* End PBXTargetDependency section */

/* Begin PBXVariantGroup section */
		B1A06D7A1BE1B36200C712B1 /* LaunchScreen.storyboard */ = {
			isa = PBXVariantGroup;
			children = (
				B1A06D7B1BE1B36200C712B1 /* Base */,
			);
			name = LaunchScreen.storyboard;
			sourceTree = "<group>";
		};
/* End PBXVariantGroup section */

/* Begin XCBuildConfiguration section */
		B1A06D891BE1B36200C712B1 /* Debug */ = {
			isa = XCBuildConfiguration;
			buildSettings = {
				ALWAYS_SEARCH_USER_PATHS = NO;
				CLANG_CXX_LANGUAGE_STANDARD = "gnu++0x";
				CLANG_CXX_LIBRARY = "libc++";
				CLANG_ENABLE_MODULES = YES;
				CLANG_ENABLE_OBJC_ARC = YES;
				CLANG_WARN_BOOL_CONVERSION = YES;
				CLANG_WARN_CONSTANT_CONVERSION = YES;
				CLANG_WARN_DIRECT_OBJC_ISA_USAGE = YES_ERROR;
				CLANG_WARN_EMPTY_BODY = YES;
				CLANG_WARN_ENUM_CONVERSION = YES;
				CLANG_WARN_INT_CONVERSION = YES;
				CLANG_WARN_OBJC_ROOT_CLASS = YES_ERROR;
				CLANG_WARN_UNREACHABLE_CODE = YES;
				CLANG_WARN__DUPLICATE_METHOD_MATCH = YES;
				"CODE_SIGN_IDENTITY[sdk=iphoneos*]" = "iPhone Developer";
				COPY_PHASE_STRIP = NO;
				DEBUG_INFORMATION_FORMAT = dwarf;
				ENABLE_STRICT_OBJC_MSGSEND = YES;
				ENABLE_TESTABILITY = YES;
				GCC_C_LANGUAGE_STANDARD = gnu99;
				GCC_DYNAMIC_NO_PIC = NO;
				GCC_NO_COMMON_BLOCKS = YES;
				GCC_OPTIMIZATION_LEVEL = 0;
				GCC_PREPROCESSOR_DEFINITIONS = (
					"DEBUG=1",
					"$(inherited)",
				);
				GCC_WARN_64_TO_32_BIT_CONVERSION = YES;
				GCC_WARN_ABOUT_RETURN_TYPE = YES_ERROR;
				GCC_WARN_UNDECLARED_SELECTOR = YES;
				GCC_WARN_UNINITIALIZED_AUTOS = YES_AGGRESSIVE;
				GCC_WARN_UNUSED_FUNCTION = YES;
				GCC_WARN_UNUSED_VARIABLE = YES;
				IPHONEOS_DEPLOYMENT_TARGET = 9.1;
				MTL_ENABLE_DEBUG_INFO = YES;
				ONLY_ACTIVE_ARCH = YES;
				SDKROOT = iphoneos;
				SWIFT_OPTIMIZATION_LEVEL = "-Onone";
			};
			name = Debug;
		};
		B1A06D8A1BE1B36200C712B1 /* Release */ = {
			isa = XCBuildConfiguration;
			buildSettings = {
				ALWAYS_SEARCH_USER_PATHS = NO;
				CLANG_CXX_LANGUAGE_STANDARD = "gnu++0x";
				CLANG_CXX_LIBRARY = "libc++";
				CLANG_ENABLE_MODULES = YES;
				CLANG_ENABLE_OBJC_ARC = YES;
				CLANG_WARN_BOOL_CONVERSION = YES;
				CLANG_WARN_CONSTANT_CONVERSION = YES;
				CLANG_WARN_DIRECT_OBJC_ISA_USAGE = YES_ERROR;
				CLANG_WARN_EMPTY_BODY = YES;
				CLANG_WARN_ENUM_CONVERSION = YES;
				CLANG_WARN_INT_CONVERSION = YES;
				CLANG_WARN_OBJC_ROOT_CLASS = YES_ERROR;
				CLANG_WARN_UNREACHABLE_CODE = YES;
				CLANG_WARN__DUPLICATE_METHOD_MATCH = YES;
				"CODE_SIGN_IDENTITY[sdk=iphoneos*]" = "iPhone Developer";
				COPY_PHASE_STRIP = NO;
				DEBUG_INFORMATION_FORMAT = "dwarf-with-dsym";
				ENABLE_NS_ASSERTIONS = NO;
				ENABLE_STRICT_OBJC_MSGSEND = YES;
				GCC_C_LANGUAGE_STANDARD = gnu99;
				GCC_NO_COMMON_BLOCKS = YES;
				GCC_WARN_64_TO_32_BIT_CONVERSION = YES;
				GCC_WARN_ABOUT_RETURN_TYPE = YES_ERROR;
				GCC_WARN_UNDECLARED_SELECTOR = YES;
				GCC_WARN_UNINITIALIZED_AUTOS = YES_AGGRESSIVE;
				GCC_WARN_UNUSED_FUNCTION = YES;
				GCC_WARN_UNUSED_VARIABLE = YES;
				IPHONEOS_DEPLOYMENT_TARGET = 9.1;
				MTL_ENABLE_DEBUG_INFO = NO;
				SDKROOT = iphoneos;
				VALIDATE_PRODUCT = YES;
			};
			name = Release;
		};
		B1A06D8C1BE1B36200C712B1 /* Debug */ = {
			isa = XCBuildConfiguration;
			buildSettings = {
				ASSETCATALOG_COMPILER_APPICON_NAME = AppIcon;
				FRAMEWORK_SEARCH_PATHS = (
					"$(inherited)",
					"$(PROJECT_DIR)/Carthage/Build/iOS",
				);
				INFOPLIST_FILE = SwiftPort/Info.plist;
				LD_RUNPATH_SEARCH_PATHS = "$(inherited) @executable_path/Frameworks";
				PRODUCT_BUNDLE_IDENTIFIER = Kappa.SwiftPort;
				PRODUCT_NAME = "$(TARGET_NAME)";
			};
			name = Debug;
		};
		B1A06D8D1BE1B36200C712B1 /* Release */ = {
			isa = XCBuildConfiguration;
			buildSettings = {
				ASSETCATALOG_COMPILER_APPICON_NAME = AppIcon;
				FRAMEWORK_SEARCH_PATHS = (
					"$(inherited)",
					"$(PROJECT_DIR)/Carthage/Build/iOS",
				);
				INFOPLIST_FILE = SwiftPort/Info.plist;
				LD_RUNPATH_SEARCH_PATHS = "$(inherited) @executable_path/Frameworks";
				PRODUCT_BUNDLE_IDENTIFIER = Kappa.SwiftPort;
				PRODUCT_NAME = "$(TARGET_NAME)";
			};
			name = Release;
		};
		B1A06D8F1BE1B36200C712B1 /* Debug */ = {
			isa = XCBuildConfiguration;
			buildSettings = {
				BUNDLE_LOADER = "$(TEST_HOST)";
				FRAMEWORK_SEARCH_PATHS = (
					"$(inherited)",
					"$(PROJECT_DIR)/Carthage/Build/iOS",
				);
				INFOPLIST_FILE = SwiftPortTests/Info.plist;
				LD_RUNPATH_SEARCH_PATHS = "$(inherited) @executable_path/Frameworks @loader_path/Frameworks";
				PRODUCT_BUNDLE_IDENTIFIER = Kappa.SwiftPortTests;
				PRODUCT_NAME = "$(TARGET_NAME)";
				TEST_HOST = "$(BUILT_PRODUCTS_DIR)/SwiftPort.app/SwiftPort";
			};
			name = Debug;
		};
		B1A06D901BE1B36200C712B1 /* Release */ = {
			isa = XCBuildConfiguration;
			buildSettings = {
				BUNDLE_LOADER = "$(TEST_HOST)";
				FRAMEWORK_SEARCH_PATHS = (
					"$(inherited)",
					"$(PROJECT_DIR)/Carthage/Build/iOS",
				);
				INFOPLIST_FILE = SwiftPortTests/Info.plist;
				LD_RUNPATH_SEARCH_PATHS = "$(inherited) @executable_path/Frameworks @loader_path/Frameworks";
				PRODUCT_BUNDLE_IDENTIFIER = Kappa.SwiftPortTests;
				PRODUCT_NAME = "$(TARGET_NAME)";
				TEST_HOST = "$(BUILT_PRODUCTS_DIR)/SwiftPort.app/SwiftPort";
			};
			name = Release;
		};
/* End XCBuildConfiguration section */

/* Begin XCConfigurationList section */
		B1A06D661BE1B36200C712B1 /* Build configuration list for PBXProject "SwiftPort" */ = {
			isa = XCConfigurationList;
			buildConfigurations = (
				B1A06D891BE1B36200C712B1 /* Debug */,
				B1A06D8A1BE1B36200C712B1 /* Release */,
			);
			defaultConfigurationIsVisible = 0;
			defaultConfigurationName = Release;
		};
		B1A06D8B1BE1B36200C712B1 /* Build configuration list for PBXNativeTarget "SwiftPort" */ = {
			isa = XCConfigurationList;
			buildConfigurations = (
				B1A06D8C1BE1B36200C712B1 /* Debug */,
				B1A06D8D1BE1B36200C712B1 /* Release */,
			);
			defaultConfigurationIsVisible = 0;
			defaultConfigurationName = Release;
		};
		B1A06D8E1BE1B36200C712B1 /* Build configuration list for PBXNativeTarget "SwiftPortTests" */ = {
			isa = XCConfigurationList;
			buildConfigurations = (
				B1A06D8F1BE1B36200C712B1 /* Debug */,
				B1A06D901BE1B36200C712B1 /* Release */,
			);
			defaultConfigurationIsVisible = 0;
			defaultConfigurationName = Release;
		};
/* End XCConfigurationList section */

/* Begin XCVersionGroup section */
		B1A06D751BE1B36200C712B1 /* SwiftPort.xcdatamodeld */ = {
			isa = XCVersionGroup;
			children = (
				B1A06D761BE1B36200C712B1 /* SwiftPort.xcdatamodel */,
			);
			currentVersion = B1A06D761BE1B36200C712B1 /* SwiftPort.xcdatamodel */;
			path = SwiftPort.xcdatamodeld;
			sourceTree = "<group>";
			versionGroupType = wrapper.xcdatamodel;
		};
/* End XCVersionGroup section */
	};
	rootObject = B1A06D631BE1B36200C712B1 /* Project object */;
}
